
Microsoft Visual Studio Solution File, Format Version 12.00
# Visual Studio 15
VisualStudioVersion = 15.0.26730.16
MinimumVisualStudioVersion = 10.0.40219.1
Project("{FAE04EC0-301F-11D3-BF4B-00C04F79EFBC}") = "PassageRef", "PassageRef\PassageRef.csproj", "{FC20DBE1-6D48-4E41-8944-52D97723088D}"
EndProject
Global
	GlobalSection(SolutionConfigurationPlatforms) = preSolution
		Debug|Any CPU = Debug|Any CPU
		Release|Any CPU = Release|Any CPU
	EndGlobalSection
	GlobalSection(ProjectConfigurationPlatforms) = postSolution
		{FC20DBE1-6D48-4E41-8944-52D97723088D}.Debug|Any CPU.ActiveCfg = Debug|Any CPU
		{FC20DBE1-6D48-4E41-8944-52D97723088D}.Debug|Any CPU.Build.0 = Debug|Any CPU
		{FC20DBE1-6D48-4E41-8944-52D97723088D}.Release|Any CPU.ActiveCfg = Release|Any CPU
		{FC20DBE1-6D48-4E41-8944-52D97723088D}.Release|Any CPU.Build.0 = Release|Any CPU
	EndGlobalSection
	GlobalSection(SolutionProperties) = preSolution
		HideSolutionNode = FALSE
	EndGlobalSection
	GlobalSection(ExtensibilityGlobals) = postSolution
		SolutionGuid = {F5325A28-EFD9-4DA1-8433-893BC3B525A2}
	EndGlobalSection
EndGlobal
