
Microsoft Visual Studio Solution File, Format Version 12.00
# Visual Studio 15
VisualStudioVersion = 15.0.26730.16
MinimumVisualStudioVersion = 10.0.40219.1
Project("{FAE04EC0-301F-11D3-BF4B-00C04F79EFBC}") = "Xamel_Pendu", "Xamel_Pendu\Xamel_Pendu.csproj", "{AF6F2C43-5C43-4EE0-B58A-74159833C044}"
EndProject
Global
	GlobalSection(SolutionConfigurationPlatforms) = preSolution
		Debug|Any CPU = Debug|Any CPU
		Release|Any CPU = Release|Any CPU
	EndGlobalSection
	GlobalSection(ProjectConfigurationPlatforms) = postSolution
		{AF6F2C43-5C43-4EE0-B58A-74159833C044}.Debug|Any CPU.ActiveCfg = Debug|Any CPU
		{AF6F2C43-5C43-4EE0-B58A-74159833C044}.Debug|Any CPU.Build.0 = Debug|Any CPU
		{AF6F2C43-5C43-4EE0-B58A-74159833C044}.Release|Any CPU.ActiveCfg = Release|Any CPU
		{AF6F2C43-5C43-4EE0-B58A-74159833C044}.Release|Any CPU.Build.0 = Release|Any CPU
	EndGlobalSection
	GlobalSection(SolutionProperties) = preSolution
		HideSolutionNode = FALSE
	EndGlobalSection
	GlobalSection(ExtensibilityGlobals) = postSolution
		SolutionGuid = {F9DF110F-4A3A-47C1-AAA4-38D1C5949DBA}
	EndGlobalSection
EndGlobal
