
Microsoft Visual Studio Solution File, Format Version 12.00
# Visual Studio 15
VisualStudioVersion = 15.0.26730.16
MinimumVisualStudioVersion = 10.0.40219.1
Project("{FAE04EC0-301F-11D3-BF4B-00C04F79EFBC}") = "Xmal_Grid", "Xmal_Grid\Xmal_Grid.csproj", "{D6577062-2491-4B8E-A5B9-2569B48E24F4}"
EndProject
Global
	GlobalSection(SolutionConfigurationPlatforms) = preSolution
		Debug|Any CPU = Debug|Any CPU
		Release|Any CPU = Release|Any CPU
	EndGlobalSection
	GlobalSection(ProjectConfigurationPlatforms) = postSolution
		{D6577062-2491-4B8E-A5B9-2569B48E24F4}.Debug|Any CPU.ActiveCfg = Debug|Any CPU
		{D6577062-2491-4B8E-A5B9-2569B48E24F4}.Debug|Any CPU.Build.0 = Debug|Any CPU
		{D6577062-2491-4B8E-A5B9-2569B48E24F4}.Release|Any CPU.ActiveCfg = Release|Any CPU
		{D6577062-2491-4B8E-A5B9-2569B48E24F4}.Release|Any CPU.Build.0 = Release|Any CPU
	EndGlobalSection
	GlobalSection(SolutionProperties) = preSolution
		HideSolutionNode = FALSE
	EndGlobalSection
	GlobalSection(ExtensibilityGlobals) = postSolution
		SolutionGuid = {77F2A735-4951-40E1-9757-80C968ED6498}
	EndGlobalSection
EndGlobal
