
Microsoft Visual Studio Solution File, Format Version 12.00
# Visual Studio 15
VisualStudioVersion = 15.0.26730.16
MinimumVisualStudioVersion = 10.0.40219.1
Project("{FAE04EC0-301F-11D3-BF4B-00C04F79EFBC}") = "Thread_is_love", "Thread-is-love\Thread_is_love.csproj", "{215B0531-FFB8-43CE-9DA2-97AA1CD08380}"
EndProject
Global
	GlobalSection(SolutionConfigurationPlatforms) = preSolution
		Debug|Any CPU = Debug|Any CPU
		Release|Any CPU = Release|Any CPU
	EndGlobalSection
	GlobalSection(ProjectConfigurationPlatforms) = postSolution
		{215B0531-FFB8-43CE-9DA2-97AA1CD08380}.Debug|Any CPU.ActiveCfg = Debug|Any CPU
		{215B0531-FFB8-43CE-9DA2-97AA1CD08380}.Debug|Any CPU.Build.0 = Debug|Any CPU
		{215B0531-FFB8-43CE-9DA2-97AA1CD08380}.Release|Any CPU.ActiveCfg = Release|Any CPU
		{215B0531-FFB8-43CE-9DA2-97AA1CD08380}.Release|Any CPU.Build.0 = Release|Any CPU
	EndGlobalSection
	GlobalSection(SolutionProperties) = preSolution
		HideSolutionNode = FALSE
	EndGlobalSection
	GlobalSection(ExtensibilityGlobals) = postSolution
		SolutionGuid = {AE0BE975-5BA4-48A0-A5F4-D3E02FFC78E4}
	EndGlobalSection
EndGlobal
